
Microsoft Visual Studio Solution File, Format Version 12.00
Project("{FAE04EC0-301F-11D3-BF4B-00C04F79EFBC}") = "Math_lab_1", "Math_lab_1\Math_lab_1.csproj", "{9053A2CE-C4FE-4E36-B1B0-E577EB4B50DA}"
EndProject
Global
	GlobalSection(SolutionConfigurationPlatforms) = preSolution
		Debug|Any CPU = Debug|Any CPU
		Release|Any CPU = Release|Any CPU
	EndGlobalSection
	GlobalSection(ProjectConfigurationPlatforms) = postSolution
		{9053A2CE-C4FE-4E36-B1B0-E577EB4B50DA}.Debug|Any CPU.ActiveCfg = Debug|Any CPU
		{9053A2CE-C4FE-4E36-B1B0-E577EB4B50DA}.Debug|Any CPU.Build.0 = Debug|Any CPU
		{9053A2CE-C4FE-4E36-B1B0-E577EB4B50DA}.Release|Any CPU.ActiveCfg = Release|Any CPU
		{9053A2CE-C4FE-4E36-B1B0-E577EB4B50DA}.Release|Any CPU.Build.0 = Release|Any CPU
	EndGlobalSection
EndGlobal
